
Microsoft Visual Studio Solution File, Format Version 12.00
# Visual Studio Version 17
VisualStudioVersion = 17.8.34511.84
MinimumVisualStudioVersion = 10.0.40219.1
Project("{9A19103F-16F7-4668-BE54-9A1E7A4F7556}") = "BankoCheater", "BankoCheater.csproj", "{AE988CEF-0567-4533-B3B3-9277456539AA}"
EndProject
Project("{FAE04EC0-301F-11D3-BF4B-00C04F79EFBC}") = "Selenium", "Selenium\Selenium.csproj", "{C8C2C973-AE45-43CC-B90C-2913F9E3AC8B}"
EndProject
Global
	GlobalSection(SolutionConfigurationPlatforms) = preSolution
		Debug|Any CPU = Debug|Any CPU
		Release|Any CPU = Release|Any CPU
	EndGlobalSection
	GlobalSection(ProjectConfigurationPlatforms) = postSolution
		{AE988CEF-0567-4533-B3B3-9277456539AA}.Debug|Any CPU.ActiveCfg = Debug|Any CPU
		{AE988CEF-0567-4533-B3B3-9277456539AA}.Debug|Any CPU.Build.0 = Debug|Any CPU
		{AE988CEF-0567-4533-B3B3-9277456539AA}.Release|Any CPU.ActiveCfg = Release|Any CPU
		{AE988CEF-0567-4533-B3B3-9277456539AA}.Release|Any CPU.Build.0 = Release|Any CPU
		{C8C2C973-AE45-43CC-B90C-2913F9E3AC8B}.Debug|Any CPU.ActiveCfg = Debug|Any CPU
		{C8C2C973-AE45-43CC-B90C-2913F9E3AC8B}.Debug|Any CPU.Build.0 = Debug|Any CPU
		{C8C2C973-AE45-43CC-B90C-2913F9E3AC8B}.Release|Any CPU.ActiveCfg = Release|Any CPU
		{C8C2C973-AE45-43CC-B90C-2913F9E3AC8B}.Release|Any CPU.Build.0 = Release|Any CPU
	EndGlobalSection
	GlobalSection(SolutionProperties) = preSolution
		HideSolutionNode = FALSE
	EndGlobalSection
	GlobalSection(ExtensibilityGlobals) = postSolution
		SolutionGuid = {C0383AAF-C43F-498B-880E-14D5AED035D7}
	EndGlobalSection
EndGlobal
